
Microsoft Visual Studio Solution File, Format Version 12.00
# Visual Studio Version 17
VisualStudioVersion = 17.3.32929.385
MinimumVisualStudioVersion = 10.0.40219.1
Project("{9A19103F-16F7-4668-BE54-9A1E7A4F7556}") = "WallpaperSlideshow", "WallpaperSlideshow.csproj", "{DD841CAC-2F46-4063-89C6-6D21A4B457B7}"
EndProject
Project("{54435603-DBB4-11D2-8724-00A0C9A8B90C}") = "WallpaperSlideshowInstaller", "..\WallpaperSlideshowInstaller\WallpaperSlideshowInstaller.vdproj", "{7FE1FD81-B263-4ED2-B5A8-7D9E383582BF}"
EndProject
Global
	GlobalSection(SolutionConfigurationPlatforms) = preSolution
		Debug|Any CPU = Debug|Any CPU
		Release|Any CPU = Release|Any CPU
	EndGlobalSection
	GlobalSection(ProjectConfigurationPlatforms) = postSolution
		{DD841CAC-2F46-4063-89C6-6D21A4B457B7}.Debug|Any CPU.ActiveCfg = Debug|Any CPU
		{DD841CAC-2F46-4063-89C6-6D21A4B457B7}.Debug|Any CPU.Build.0 = Debug|Any CPU
		{DD841CAC-2F46-4063-89C6-6D21A4B457B7}.Release|Any CPU.ActiveCfg = Release|Any CPU
		{DD841CAC-2F46-4063-89C6-6D21A4B457B7}.Release|Any CPU.Build.0 = Release|Any CPU
		{7FE1FD81-B263-4ED2-B5A8-7D9E383582BF}.Debug|Any CPU.ActiveCfg = Debug
		{7FE1FD81-B263-4ED2-B5A8-7D9E383582BF}.Release|Any CPU.ActiveCfg = Release
	EndGlobalSection
	GlobalSection(SolutionProperties) = preSolution
		HideSolutionNode = FALSE
	EndGlobalSection
	GlobalSection(ExtensibilityGlobals) = postSolution
		SolutionGuid = {4D5802D2-280B-4177-A761-78FA759085CE}
	EndGlobalSection
EndGlobal
